
Microsoft Visual Studio Solution File, Format Version 12.00
# Visual Studio Version 17
VisualStudioVersion = 17.11.35327.3
MinimumVisualStudioVersion = 10.0.40219.1
Project("{8BC9CEB8-8B4A-11D0-8D11-00A0C91BC942}") = "CUtils", "CUtils\CUtils.vcxproj", "{17A2B02F-9B36-42C5-9912-49C90AC48994}"
EndProject
Project("{8BC9CEB8-8B4A-11D0-8D11-00A0C91BC942}") = "ImageUtils", "ImageUtils\ImageUtils.vcxproj", "{01AF8BA3-A175-4CFA-A313-F32F7A519198}"
	ProjectSection(ProjectDependencies) = postProject
		{63D0D678-5F25-45C7-8602-60E62FE793AA} = {63D0D678-5F25-45C7-8602-60E62FE793AA}
	EndProjectSection
EndProject
Project("{8BC9CEB8-8B4A-11D0-8D11-00A0C91BC942}") = "DynamicBuffer", "DynamicBuffer\DynamicBuffer.vcxproj", "{63D0D678-5F25-45C7-8602-60E62FE793AA}"
EndProject
Project("{8BC9CEB8-8B4A-11D0-8D11-00A0C91BC942}") = "DynamicArray", "DynamicArray\DynamicArray.vcxproj", "{E13B813F-30FA-40C8-A0E7-E1D2F183E399}"
EndProject
Project("{8BC9CEB8-8B4A-11D0-8D11-00A0C91BC942}") = "CNson", "CNson\CNson.vcxproj", "{DCCC6FB9-B8D6-47DD-812E-4F89C5B77D75}"
	ProjectSection(ProjectDependencies) = postProject
		{91A3DF27-8616-42CB-80AA-BB3C3272F2F5} = {91A3DF27-8616-42CB-80AA-BB3C3272F2F5}
	EndProjectSection
EndProject
Project("{8BC9CEB8-8B4A-11D0-8D11-00A0C91BC942}") = "List", "List\List.vcxproj", "{91A3DF27-8616-42CB-80AA-BB3C3272F2F5}"
EndProject
Project("{8BC9CEB8-8B4A-11D0-8D11-00A0C91BC942}") = "HuffmanCompressor", "HuffmanCompressor\HuffmanCompressor.vcxproj", "{062AF932-48DF-46FF-8B65-8F6A801C0B89}"
	ProjectSection(ProjectDependencies) = postProject
		{63D0D678-5F25-45C7-8602-60E62FE793AA} = {63D0D678-5F25-45C7-8602-60E62FE793AA}
	EndProjectSection
EndProject
Project("{8BC9CEB8-8B4A-11D0-8D11-00A0C91BC942}") = "VirtualFilesystem", "VirtualFilesystem\VirtualFilesystem.vcxproj", "{8445BC4B-08E0-4F11-AFD4-B1D65EE256DE}"
EndProject
Project("{8BC9CEB8-8B4A-11D0-8D11-00A0C91BC942}") = "FileSystemPacker", "FileSystemPacker\FileSystemPacker.vcxproj", "{A899545B-FA9D-48FE-99E1-289F80EB33A2}"
EndProject
Global
	GlobalSection(SolutionConfigurationPlatforms) = preSolution
		Debug|x64 = Debug|x64
		Debug|x86 = Debug|x86
		Release|x64 = Release|x64
		Release|x86 = Release|x86
	EndGlobalSection
	GlobalSection(ProjectConfigurationPlatforms) = postSolution
		{17A2B02F-9B36-42C5-9912-49C90AC48994}.Debug|x64.ActiveCfg = Debug|x64
		{17A2B02F-9B36-42C5-9912-49C90AC48994}.Debug|x64.Build.0 = Debug|x64
		{17A2B02F-9B36-42C5-9912-49C90AC48994}.Debug|x86.ActiveCfg = Debug|Win32
		{17A2B02F-9B36-42C5-9912-49C90AC48994}.Debug|x86.Build.0 = Debug|Win32
		{17A2B02F-9B36-42C5-9912-49C90AC48994}.Release|x64.ActiveCfg = Release|x64
		{17A2B02F-9B36-42C5-9912-49C90AC48994}.Release|x64.Build.0 = Release|x64
		{17A2B02F-9B36-42C5-9912-49C90AC48994}.Release|x86.ActiveCfg = Release|Win32
		{17A2B02F-9B36-42C5-9912-49C90AC48994}.Release|x86.Build.0 = Release|Win32
		{01AF8BA3-A175-4CFA-A313-F32F7A519198}.Debug|x64.ActiveCfg = Debug|x64
		{01AF8BA3-A175-4CFA-A313-F32F7A519198}.Debug|x64.Build.0 = Debug|x64
		{01AF8BA3-A175-4CFA-A313-F32F7A519198}.Debug|x86.ActiveCfg = Debug|Win32
		{01AF8BA3-A175-4CFA-A313-F32F7A519198}.Debug|x86.Build.0 = Debug|Win32
		{01AF8BA3-A175-4CFA-A313-F32F7A519198}.Release|x64.ActiveCfg = Release|x64
		{01AF8BA3-A175-4CFA-A313-F32F7A519198}.Release|x64.Build.0 = Release|x64
		{01AF8BA3-A175-4CFA-A313-F32F7A519198}.Release|x86.ActiveCfg = Release|Win32
		{01AF8BA3-A175-4CFA-A313-F32F7A519198}.Release|x86.Build.0 = Release|Win32
		{63D0D678-5F25-45C7-8602-60E62FE793AA}.Debug|x64.ActiveCfg = Debug|x64
		{63D0D678-5F25-45C7-8602-60E62FE793AA}.Debug|x64.Build.0 = Debug|x64
		{63D0D678-5F25-45C7-8602-60E62FE793AA}.Debug|x86.ActiveCfg = Debug|Win32
		{63D0D678-5F25-45C7-8602-60E62FE793AA}.Debug|x86.Build.0 = Debug|Win32
		{63D0D678-5F25-45C7-8602-60E62FE793AA}.Release|x64.ActiveCfg = Release|x64
		{63D0D678-5F25-45C7-8602-60E62FE793AA}.Release|x64.Build.0 = Release|x64
		{63D0D678-5F25-45C7-8602-60E62FE793AA}.Release|x86.ActiveCfg = Release|Win32
		{63D0D678-5F25-45C7-8602-60E62FE793AA}.Release|x86.Build.0 = Release|Win32
		{E13B813F-30FA-40C8-A0E7-E1D2F183E399}.Debug|x64.ActiveCfg = Debug|x64
		{E13B813F-30FA-40C8-A0E7-E1D2F183E399}.Debug|x64.Build.0 = Debug|x64
		{E13B813F-30FA-40C8-A0E7-E1D2F183E399}.Debug|x86.ActiveCfg = Debug|Win32
		{E13B813F-30FA-40C8-A0E7-E1D2F183E399}.Debug|x86.Build.0 = Debug|Win32
		{E13B813F-30FA-40C8-A0E7-E1D2F183E399}.Release|x64.ActiveCfg = Release|x64
		{E13B813F-30FA-40C8-A0E7-E1D2F183E399}.Release|x64.Build.0 = Release|x64
		{E13B813F-30FA-40C8-A0E7-E1D2F183E399}.Release|x86.ActiveCfg = Release|Win32
		{E13B813F-30FA-40C8-A0E7-E1D2F183E399}.Release|x86.Build.0 = Release|Win32
		{DCCC6FB9-B8D6-47DD-812E-4F89C5B77D75}.Debug|x64.ActiveCfg = Debug|x64
		{DCCC6FB9-B8D6-47DD-812E-4F89C5B77D75}.Debug|x64.Build.0 = Debug|x64
		{DCCC6FB9-B8D6-47DD-812E-4F89C5B77D75}.Debug|x86.ActiveCfg = Debug|Win32
		{DCCC6FB9-B8D6-47DD-812E-4F89C5B77D75}.Debug|x86.Build.0 = Debug|Win32
		{DCCC6FB9-B8D6-47DD-812E-4F89C5B77D75}.Release|x64.ActiveCfg = Release|x64
		{DCCC6FB9-B8D6-47DD-812E-4F89C5B77D75}.Release|x64.Build.0 = Release|x64
		{DCCC6FB9-B8D6-47DD-812E-4F89C5B77D75}.Release|x86.ActiveCfg = Release|Win32
		{DCCC6FB9-B8D6-47DD-812E-4F89C5B77D75}.Release|x86.Build.0 = Release|Win32
		{91A3DF27-8616-42CB-80AA-BB3C3272F2F5}.Debug|x64.ActiveCfg = Debug|x64
		{91A3DF27-8616-42CB-80AA-BB3C3272F2F5}.Debug|x64.Build.0 = Debug|x64
		{91A3DF27-8616-42CB-80AA-BB3C3272F2F5}.Debug|x86.ActiveCfg = Debug|Win32
		{91A3DF27-8616-42CB-80AA-BB3C3272F2F5}.Debug|x86.Build.0 = Debug|Win32
		{91A3DF27-8616-42CB-80AA-BB3C3272F2F5}.Release|x64.ActiveCfg = Release|x64
		{91A3DF27-8616-42CB-80AA-BB3C3272F2F5}.Release|x64.Build.0 = Release|x64
		{91A3DF27-8616-42CB-80AA-BB3C3272F2F5}.Release|x86.ActiveCfg = Release|Win32
		{91A3DF27-8616-42CB-80AA-BB3C3272F2F5}.Release|x86.Build.0 = Release|Win32
		{062AF932-48DF-46FF-8B65-8F6A801C0B89}.Debug|x64.ActiveCfg = Debug|x64
		{062AF932-48DF-46FF-8B65-8F6A801C0B89}.Debug|x64.Build.0 = Debug|x64
		{062AF932-48DF-46FF-8B65-8F6A801C0B89}.Debug|x86.ActiveCfg = Debug|Win32
		{062AF932-48DF-46FF-8B65-8F6A801C0B89}.Debug|x86.Build.0 = Debug|Win32
		{062AF932-48DF-46FF-8B65-8F6A801C0B89}.Release|x64.ActiveCfg = Release|x64
		{062AF932-48DF-46FF-8B65-8F6A801C0B89}.Release|x64.Build.0 = Release|x64
		{062AF932-48DF-46FF-8B65-8F6A801C0B89}.Release|x86.ActiveCfg = Release|Win32
		{062AF932-48DF-46FF-8B65-8F6A801C0B89}.Release|x86.Build.0 = Release|Win32
		{8445BC4B-08E0-4F11-AFD4-B1D65EE256DE}.Debug|x64.ActiveCfg = Debug|x64
		{8445BC4B-08E0-4F11-AFD4-B1D65EE256DE}.Debug|x64.Build.0 = Debug|x64
		{8445BC4B-08E0-4F11-AFD4-B1D65EE256DE}.Debug|x86.ActiveCfg = Debug|Win32
		{8445BC4B-08E0-4F11-AFD4-B1D65EE256DE}.Debug|x86.Build.0 = Debug|Win32
		{8445BC4B-08E0-4F11-AFD4-B1D65EE256DE}.Release|x64.ActiveCfg = Release|x64
		{8445BC4B-08E0-4F11-AFD4-B1D65EE256DE}.Release|x64.Build.0 = Release|x64
		{8445BC4B-08E0-4F11-AFD4-B1D65EE256DE}.Release|x86.ActiveCfg = Release|Win32
		{8445BC4B-08E0-4F11-AFD4-B1D65EE256DE}.Release|x86.Build.0 = Release|Win32
		{A899545B-FA9D-48FE-99E1-289F80EB33A2}.Debug|x64.ActiveCfg = Debug|x64
		{A899545B-FA9D-48FE-99E1-289F80EB33A2}.Debug|x64.Build.0 = Debug|x64
		{A899545B-FA9D-48FE-99E1-289F80EB33A2}.Debug|x86.ActiveCfg = Debug|Win32
		{A899545B-FA9D-48FE-99E1-289F80EB33A2}.Debug|x86.Build.0 = Debug|Win32
		{A899545B-FA9D-48FE-99E1-289F80EB33A2}.Release|x64.ActiveCfg = Release|x64
		{A899545B-FA9D-48FE-99E1-289F80EB33A2}.Release|x64.Build.0 = Release|x64
		{A899545B-FA9D-48FE-99E1-289F80EB33A2}.Release|x86.ActiveCfg = Release|Win32
		{A899545B-FA9D-48FE-99E1-289F80EB33A2}.Release|x86.Build.0 = Release|Win32
	EndGlobalSection
	GlobalSection(SolutionProperties) = preSolution
		HideSolutionNode = FALSE
	EndGlobalSection
	GlobalSection(ExtensibilityGlobals) = postSolution
		SolutionGuid = {09274D5E-5375-4C39-9CFE-F53B15C4FA0A}
	EndGlobalSection
EndGlobal
